
Microsoft Visual Studio Solution File, Format Version 12.00
# Visual Studio Version 17
VisualStudioVersion = 17.5.002.0
MinimumVisualStudioVersion = 10.0.40219.1
Project("{9A19103F-16F7-4668-BE54-9A1E7A4F7556}") = "Server", "Server\Server.csproj", "{52F57E43-B551-4FBF-B5E9-A4C4278E6E90}"
EndProject
Global
	GlobalSection(SolutionConfigurationPlatforms) = preSolution
		Debug|Any CPU = Debug|Any CPU
		Release|Any CPU = Release|Any CPU
	EndGlobalSection
	GlobalSection(ProjectConfigurationPlatforms) = postSolution
		{52F57E43-B551-4FBF-B5E9-A4C4278E6E90}.Debug|Any CPU.ActiveCfg = Debug|Any CPU
		{52F57E43-B551-4FBF-B5E9-A4C4278E6E90}.Debug|Any CPU.Build.0 = Debug|Any CPU
		{52F57E43-B551-4FBF-B5E9-A4C4278E6E90}.Release|Any CPU.ActiveCfg = Release|Any CPU
		{52F57E43-B551-4FBF-B5E9-A4C4278E6E90}.Release|Any CPU.Build.0 = Release|Any CPU
	EndGlobalSection
	GlobalSection(SolutionProperties) = preSolution
		HideSolutionNode = FALSE
	EndGlobalSection
	GlobalSection(ExtensibilityGlobals) = postSolution
		SolutionGuid = {E8E551E2-46A2-4FBB-892F-804F90C7CF79}
	EndGlobalSection
EndGlobal
